// !$*UTF8*$!
{
	archiveVersion = 1;
	classes = {
	};
	objectVersion = 77;
	objects = {

/* Begin PBXContainerItemProxy section */
		1A4C9D632EA9CBF40080CD22 /* PBXContainerItemProxy */ = {
			isa = PBXContainerItemProxy;
			containerPortal = 1A4C9D4B2EA9CBF30080CD22 /* Project object */;
			proxyType = 1;
			remoteGlobalIDString = 1A4C9D522EA9CBF30080CD22;
			remoteInfo = Peony;
		};
		1A4C9D6D2EA9CBF40080CD22 /* PBXContainerItemProxy */ = {
			isa = PBXContainerItemProxy;
			containerPortal = 1A4C9D4B2EA9CBF30080CD22 /* Project object */;
			proxyType = 1;
			remoteGlobalIDString = 1A4C9D522EA9CBF30080CD22;
			remoteInfo = Peony;
		};
/* End PBXContainerItemProxy section */

/* Begin PBXFileReference section */
		1A4C9D532EA9CBF30080CD22 /* Peony.app */ = {isa = PBXFileReference; explicitFileType = wrapper.application; includeInIndex = 0; path = Peony.app; sourceTree = BUILT_PRODUCTS_DIR; };
		1A4C9D622EA9CBF40080CD22 /* PeonyTests.xctest */ = {isa = PBXFileReference; explicitFileType = wrapper.cfbundle; includeInIndex = 0; path = PeonyTests.xctest; sourceTree = BUILT_PRODUCTS_DIR; };
		1A4C9D6C2EA9CBF40080CD22 /* PeonyUITests.xctest */ = {isa = PBXFileReference; explicitFileType = wrapper.cfbundle; includeInIndex = 0; path = PeonyUITests.xctest; sourceTree = BUILT_PRODUCTS_DIR; };
/* End PBXFileReference section */

/* Begin PBXFileSystemSynchronizedRootGroup section */
		1A4C9D552EA9CBF30080CD22 /* Peony */ = {
			isa = PBXFileSystemSynchronizedRootGroup;
			path = Peony;
			sourceTree = "<group>";
		};
		1A4C9D652EA9CBF40080CD22 /* PeonyTests */ = {
			isa = PBXFileSystemSynchronizedRootGroup;
			path = PeonyTests;
			sourceTree = "<group>";
		};
		1A4C9D6F2EA9CBF40080CD22 /* PeonyUITests */ = {
			isa = PBXFileSystemSynchronizedRootGroup;
			path = PeonyUITests;
			sourceTree = "<group>";
		};
/* End PBXFileSystemSynchronizedRootGroup section */

/* Begin PBXFrameworksBuildPhase section */
		1A4C9D502EA9CBF30080CD22 /* Frameworks */ = {
			isa = PBXFrameworksBuildPhase;
			buildActionMask = 2147483647;
			files = (
			);
			runOnlyForDeploymentPostprocessing = 0;
		};
		1A4C9D5F2EA9CBF40080CD22 /* Frameworks */ = {
			isa = PBXFrameworksBuildPhase;
			buildActionMask = 2147483647;
			files = (
			);
			runOnlyForDeploymentPostprocessing = 0;
		};
		1A4C9D692EA9CBF40080CD22 /* Frameworks */ = {
			isa = PBXFrameworksBuildPhase;
			buildActionMask = 2147483647;
			files = (
			);
			runOnlyForDeploymentPostprocessing = 0;
		};
/* End PBXFrameworksBuildPhase section */

/* Begin PBXGroup section */
		1A4C9D4A2EA9CBF30080CD22 = {
			isa = PBXGroup;
			children = (
				1A4C9D552EA9CBF30080CD22 /* Peony */,
				1A4C9D652EA9CBF40080CD22 /* PeonyTests */,
				1A4C9D6F2EA9CBF40080CD22 /* PeonyUITests */,
				1A4C9D542EA9CBF30080CD22 /* Products */,
			);
			sourceTree = "<group>";
		};
		1A4C9D542EA9CBF30080CD22 /* Products */ = {
			isa = PBXGroup;
			children = (
				1A4C9D532EA9CBF30080CD22 /* Peony.app */,
				1A4C9D622EA9CBF40080CD22 /* PeonyTests.xctest */,
				1A4C9D6C2EA9CBF40080CD22 /* PeonyUITests.xctest */,
			);
			name = Products;
			sourceTree = "<group>";
		};
/* End PBXGroup section */

/* Begin PBXNativeTarget section */
		1A4C9D522EA9CBF30080CD22 /* Peony */ = {
			isa = PBXNativeTarget;
			buildConfigurationList = 1A4C9D762EA9CBF40080CD22 /* Build configuration list for PBXNativeTarget "Peony" */;
			buildPhases = (
				1A4C9D4F2EA9CBF30080CD22 /* Sources */,
				1A4C9D502EA9CBF30080CD22 /* Frameworks */,
				1A4C9D512EA9CBF30080CD22 /* Resources */,
			);
			buildRules = (
			);
			dependencies = (
			);
			fileSystemSynchronizedGroups = (
				1A4C9D552EA9CBF30080CD22 /* Peony */,
			);
			name = Peony;
			packageProductDependencies = (
			);
			productName = Peony;
			productReference = 1A4C9D532EA9CBF30080CD22 /* Peony.app */;
			productType = "com.apple.product-type.application";
		};
		1A4C9D612EA9CBF40080CD22 /* PeonyTests */ = {
			isa = PBXNativeTarget;
			buildConfigurationList = 1A4C9D792EA9CBF40080CD22 /* Build configuration list for PBXNativeTarget "PeonyTests" */;
			buildPhases = (
				1A4C9D5E2EA9CBF40080CD22 /* Sources */,
				1A4C9D5F2EA9CBF40080CD22 /* Frameworks */,
				1A4C9D602EA9CBF40080CD22 /* Resources */,
			);
			buildRules = (
			);
			dependencies = (
				1A4C9D642EA9CBF40080CD22 /* PBXTargetDependency */,
			);
			fileSystemSynchronizedGroups = (
				1A4C9D652EA9CBF40080CD22 /* PeonyTests */,
			);
			name = PeonyTests;
			packageProductDependencies = (
			);
			productName = PeonyTests;
			productReference = 1A4C9D622EA9CBF40080CD22 /* PeonyTests.xctest */;
			productType = "com.apple.product-type.bundle.unit-test";
		};
		1A4C9D6B2EA9CBF40080CD22 /* PeonyUITests */ = {
			isa = PBXNativeTarget;
			buildConfigurationList = 1A4C9D7C2EA9CBF40080CD22 /* Build configuration list for PBXNativeTarget "PeonyUITests" */;
			buildPhases = (
				1A4C9D682EA9CBF40080CD22 /* Sources */,
				1A4C9D692EA9CBF40080CD22 /* Frameworks */,
				1A4C9D6A2EA9CBF40080CD22 /* Resources */,
			);
			buildRules = (
			);
			dependencies = (
				1A4C9D6E2EA9CBF40080CD22 /* PBXTargetDependency */,
			);
			fileSystemSynchronizedGroups = (
				1A4C9D6F2EA9CBF40080CD22 /* PeonyUITests */,
			);
			name = PeonyUITests;
			packageProductDependencies = (
			);
			productName = PeonyUITests;
			productReference = 1A4C9D6C2EA9CBF40080CD22 /* PeonyUITests.xctest */;
			productType = "com.apple.product-type.bundle.ui-testing";
		};
/* End PBXNativeTarget section */

/* Begin PBXProject section */
		1A4C9D4B2EA9CBF30080CD22 /* Project object */ = {
			isa = PBXProject;
			attributes = {
				BuildIndependentTargetsInParallel = 1;
				LastSwiftUpdateCheck = 2600;
				LastUpgradeCheck = 2600;
				TargetAttributes = {
					1A4C9D522EA9CBF30080CD22 = {
						CreatedOnToolsVersion = 26.0.1;
					};
					1A4C9D612EA9CBF40080CD22 = {
						CreatedOnToolsVersion = 26.0.1;
						TestTargetID = 1A4C9D522EA9CBF30080CD22;
					};
					1A4C9D6B2EA9CBF40080CD22 = {
						CreatedOnToolsVersion = 26.0.1;
						TestTargetID = 1A4C9D522EA9CBF30080CD22;
					};
				};
			};
			buildConfigurationList = 1A4C9D4E2EA9CBF30080CD22 /* Build configuration list for PBXProject "Peony" */;
			developmentRegion = en;
			hasScannedForEncodings = 0;
			knownRegions = (
				en,
				Base,
			);
			mainGroup = 1A4C9D4A2EA9CBF30080CD22;
			minimizedProjectReferenceProxies = 1;
			preferredProjectObjectVersion = 77;
			productRefGroup = 1A4C9D542EA9CBF30080CD22 /* Products */;
			projectDirPath = "";
			projectRoot = "";
			targets = (
				1A4C9D522EA9CBF30080CD22 /* Peony */,
				1A4C9D612EA9CBF40080CD22 /* PeonyTests */,
				1A4C9D6B2EA9CBF40080CD22 /* PeonyUITests */,
			);
		};
/* End PBXProject section */

/* Begin PBXResourcesBuildPhase section */
		1A4C9D512EA9CBF30080CD22 /* Resources */ = {
			isa = PBXResourcesBuildPhase;
			buildActionMask = 2147483647;
			files = (
			);
			runOnlyForDeploymentPostprocessing = 0;
		};
		1A4C9D602EA9CBF40080CD22 /* Resources */ = {
			isa = PBXResourcesBuildPhase;
			buildActionMask = 2147483647;
			files = (
			);
			runOnlyForDeploymentPostprocessing = 0;
		};
		1A4C9D6A2EA9CBF40080CD22 /* Resources */ = {
			isa = PBXResourcesBuildPhase;
			buildActionMask = 2147483647;
			files = (
			);
			runOnlyForDeploymentPostprocessing = 0;
		};
/* End PBXResourcesBuildPhase section */

/* Begin PBXSourcesBuildPhase section */
		1A4C9D4F2EA9CBF30080CD22 /* Sources */ = {
			isa = PBXSourcesBuildPhase;
			buildActionMask = 2147483647;
			files = (
			);
			runOnlyForDeploymentPostprocessing = 0;
		};
		1A4C9D5E2EA9CBF40080CD22 /* Sources */ = {
			isa = PBXSourcesBuildPhase;
			buildActionMask = 2147483647;
			files = (
			);
			runOnlyForDeploymentPostprocessing = 0;
		};
		1A4C9D682EA9CBF40080CD22 /* Sources */ = {
			isa = PBXSourcesBuildPhase;
			buildActionMask = 2147483647;
			files = (
			);
			runOnlyForDeploymentPostprocessing = 0;
		};
/* End PBXSourcesBuildPhase section */

/* Begin PBXTargetDependency section */
		1A4C9D642EA9CBF40080CD22 /* PBXTargetDependency */ = {
			isa = PBXTargetDependency;
			target = 1A4C9D522EA9CBF30080CD22 /* Peony */;
			targetProxy = 1A4C9D632EA9CBF40080CD22 /* PBXContainerItemProxy */;
		};
		1A4C9D6E2EA9CBF40080CD22 /* PBXTargetDependency */ = {
			isa = PBXTargetDependency;
			target = 1A4C9D522EA9CBF30080CD22 /* Peony */;
			targetProxy = 1A4C9D6D2EA9CBF40080CD22 /* PBXContainerItemProxy */;
		};
/* End PBXTargetDependency section */

/* Begin XCBuildConfiguration section */
		1A4C9D742EA9CBF40080CD22 /* Debug */ = {
			isa = XCBuildConfiguration;
			buildSettings = {
				ALWAYS_SEARCH_USER_PATHS = NO;
				ASSETCATALOG_COMPILER_GENERATE_SWIFT_ASSET_SYMBOL_EXTENSIONS = YES;
				CLANG_ANALYZER_NONNULL = YES;
				CLANG_ANALYZER_NUMBER_OBJECT_CONVERSION = YES_AGGRESSIVE;
				CLANG_CXX_LANGUAGE_STANDARD = "gnu++20";
				CLANG_ENABLE_MODULES = YES;
				CLANG_ENABLE_OBJC_ARC = YES;
				CLANG_ENABLE_OBJC_WEAK = YES;
				CLANG_WARN_BLOCK_CAPTURE_AUTORELEASING = YES;
				CLANG_WARN_BOOL_CONVERSION = YES;
				CLANG_WARN_COMMA = YES;
				CLANG_WARN_CONSTANT_CONVERSION = YES;
				CLANG_WARN_DEPRECATED_OBJC_IMPLEMENTATIONS = YES;
				CLANG_WARN_DIRECT_OBJC_ISA_USAGE = YES_ERROR;
				CLANG_WARN_DOCUMENTATION_COMMENTS = YES;
				CLANG_WARN_EMPTY_BODY = YES;
				CLANG_WARN_ENUM_CONVERSION = YES;
				CLANG_WARN_INFINITE_RECURSION = YES;
				CLANG_WARN_INT_CONVERSION = YES;
				CLANG_WARN_NON_LITERAL_NULL_CONVERSION = YES;
				CLANG_WARN_OBJC_IMPLICIT_RETAIN_SELF = YES;
				CLANG_WARN_OBJC_LITERAL_CONVERSION = YES;
				CLANG_WARN_OBJC_ROOT_CLASS = YES_ERROR;
				CLANG_WARN_QUOTED_INCLUDE_IN_FRAMEWORK_HEADER = YES;
				CLANG_WARN_RANGE_LOOP_ANALYSIS = YES;
				CLANG_WARN_STRICT_PROTOTYPES = YES;
				CLANG_WARN_SUSPICIOUS_MOVE = YES;
				CLANG_WARN_UNGUARDED_AVAILABILITY = YES_AGGRESSIVE;
				CLANG_WARN_UNREACHABLE_CODE = YES;
				CLANG_WARN__DUPLICATE_METHOD_MATCH = YES;
				COPY_PHASE_STRIP = NO;
				DEBUG_INFORMATION_FORMAT = dwarf;
				DEVELOPMENT_TEAM = 6H4B44XZXL;
				ENABLE_STRICT_OBJC_MSGSEND = YES;
				ENABLE_TESTABILITY = YES;
				ENABLE_USER_SCRIPT_SANDBOXING = YES;
				GCC_C_LANGUAGE_STANDARD = gnu17;
				GCC_DYNAMIC_NO_PIC = NO;
				GCC_NO_COMMON_BLOCKS = YES;
				GCC_OPTIMIZATION_LEVEL = 0;
				GCC_PREPROCESSOR_DEFINITIONS = (
					"DEBUG=1",
					"$(inherited)",
				);
				GCC_WARN_64_TO_32_BIT_CONVERSION = YES;
				GCC_WARN_ABOUT_RETURN_TYPE = YES_ERROR;
				GCC_WARN_UNDECLARED_SELECTOR = YES;
				GCC_WARN_UNINITIALIZED_AUTOS = YES_AGGRESSIVE;
				GCC_WARN_UNUSED_FUNCTION = YES;
				GCC_WARN_UNUSED_VARIABLE = YES;
				IPHONEOS_DEPLOYMENT_TARGET = 17.0;
				LOCALIZATION_PREFERS_STRING_CATALOGS = YES;
				MTL_ENABLE_DEBUG_INFO = INCLUDE_SOURCE;
				MTL_FAST_MATH = YES;
				ONLY_ACTIVE_ARCH = YES;
				SDKROOT = iphoneos;
				SWIFT_ACTIVE_COMPILATION_CONDITIONS = "DEBUG $(inherited)";
				SWIFT_OPTIMIZATION_LEVEL = "-Onone";
			};
			name = Debug;
		};
		1A4C9D752EA9CBF40080CD22 /* Release */ = {
			isa = XCBuildConfiguration;
			buildSettings = {
				ALWAYS_SEARCH_USER_PATHS = NO;
				ASSETCATALOG_COMPILER_GENERATE_SWIFT_ASSET_SYMBOL_EXTENSIONS = YES;
				CLANG_ANALYZER_NONNULL = YES;
				CLANG_ANALYZER_NUMBER_OBJECT_CONVERSION = YES_AGGRESSIVE;
				CLANG_CXX_LANGUAGE_STANDARD = "gnu++20";
				CLANG_ENABLE_MODULES = YES;
				CLANG_ENABLE_OBJC_ARC = YES;
				CLANG_ENABLE_OBJC_WEAK = YES;
				CLANG_WARN_BLOCK_CAPTURE_AUTORELEASING = YES;
				CLANG_WARN_BOOL_CONVERSION = YES;
				CLANG_WARN_COMMA = YES;
				CLANG_WARN_CONSTANT_CONVERSION = YES;
				CLANG_WARN_DEPRECATED_OBJC_IMPLEMENTATIONS = YES;
				CLANG_WARN_DIRECT_OBJC_ISA_USAGE = YES_ERROR;
				CLANG_WARN_DOCUMENTATION_COMMENTS = YES;
				CLANG_WARN_EMPTY_BODY = YES;
				CLANG_WARN_ENUM_CONVERSION = YES;
				CLANG_WARN_INFINITE_RECURSION = YES;
				CLANG_WARN_INT_CONVERSION = YES;
				CLANG_WARN_NON_LITERAL_NULL_CONVERSION = YES;
				CLANG_WARN_OBJC_IMPLICIT_RETAIN_SELF = YES;
				CLANG_WARN_OBJC_LITERAL_CONVERSION = YES;
				CLANG_WARN_OBJC_ROOT_CLASS = YES_ERROR;
				CLANG_WARN_QUOTED_INCLUDE_IN_FRAMEWORK_HEADER = YES;
				CLANG_WARN_RANGE_LOOP_ANALYSIS = YES;
				CLANG_WARN_STRICT_PROTOTYPES = YES;
				CLANG_WARN_SUSPICIOUS_MOVE = YES;
				CLANG_WARN_UNGUARDED_AVAILABILITY = YES_AGGRESSIVE;
				CLANG_WARN_UNREACHABLE_CODE = YES;
				CLANG_WARN__DUPLICATE_METHOD_MATCH = YES;
				COPY_PHASE_STRIP = NO;
				DEBUG_INFORMATION_FORMAT = "dwarf-with-dsym";
				DEVELOPMENT_TEAM = 6H4B44XZXL;
				ENABLE_NS_ASSERTIONS = NO;
				ENABLE_STRICT_OBJC_MSGSEND = YES;
				ENABLE_USER_SCRIPT_SANDBOXING = YES;
				GCC_C_LANGUAGE_STANDARD = gnu17;
				GCC_NO_COMMON_BLOCKS = YES;
				GCC_WARN_64_TO_32_BIT_CONVERSION = YES;
				GCC_WARN_ABOUT_RETURN_TYPE = YES_ERROR;
				GCC_WARN_UNDECLARED_SELECTOR = YES;
				GCC_WARN_UNINITIALIZED_AUTOS = YES_AGGRESSIVE;
				GCC_WARN_UNUSED_FUNCTION = YES;
				GCC_WARN_UNUSED_VARIABLE = YES;
				IPHONEOS_DEPLOYMENT_TARGET = 17.0;
				LOCALIZATION_PREFERS_STRING_CATALOGS = YES;
				MTL_ENABLE_DEBUG_INFO = NO;
				MTL_FAST_MATH = YES;
				SDKROOT = iphoneos;
				SWIFT_COMPILATION_MODE = wholemodule;
				VALIDATE_PRODUCT = YES;
			};
			name = Release;
		};
		1A4C9D772EA9CBF40080CD22 /* Debug */ = {
			isa = XCBuildConfiguration;
			buildSettings = {
				ASSETCATALOG_COMPILER_APPICON_NAME = AppIcon;
				ASSETCATALOG_COMPILER_GLOBAL_ACCENT_COLOR_NAME = AccentColor;
				CODE_SIGN_STYLE = Automatic;
				CURRENT_PROJECT_VERSION = 1;
				DEVELOPMENT_TEAM = 6H4B44XZXL;
				ENABLE_PREVIEWS = YES;
				GENERATE_INFOPLIST_FILE = YES;
				INFOPLIST_KEY_UIAppFonts = "PlayfairDisplay-VariableFont_wght.ttf PlayfairDisplay-Italic-VariableFont_wght.ttf";
				INFOPLIST_KEY_UIApplicationSceneManifest_Generation = YES;
				INFOPLIST_KEY_UIApplicationSupportsIndirectInputEvents = YES;
				INFOPLIST_KEY_UILaunchScreen_Generation = YES;
				INFOPLIST_KEY_UISupportedInterfaceOrientations_iPad = "UIInterfaceOrientationPortrait UIInterfaceOrientationPortraitUpsideDown UIInterfaceOrientationLandscapeLeft UIInterfaceOrientationLandscapeRight";
				INFOPLIST_KEY_UISupportedInterfaceOrientations_iPhone = "UIInterfaceOrientationPortrait UIInterfaceOrientationLandscapeLeft UIInterfaceOrientationLandscapeRight";
				LD_RUNPATH_SEARCH_PATHS = (
					"$(inherited)",
					"@executable_path/Frameworks",
				);
				MARKETING_VERSION = 2.6.0;
				PRODUCT_BUNDLE_IDENTIFIER = jameskinsey.Peony;
				PRODUCT_NAME = "$(TARGET_NAME)";
				STRING_CATALOG_GENERATE_SYMBOLS = YES;
				SWIFT_APPROACHABLE_CONCURRENCY = YES;
				SWIFT_DEFAULT_ACTOR_ISOLATION = MainActor;
				SWIFT_EMIT_LOC_STRINGS = YES;
				SWIFT_UPCOMING_FEATURE_MEMBER_IMPORT_VISIBILITY = YES;
				SWIFT_VERSION = 5.0;
				TARGETED_DEVICE_FAMILY = "1,2";
			};
			name = Debug;
		};
		1A4C9D782EA9CBF40080CD22 /* Release */ = {
			isa = XCBuildConfiguration;
			buildSettings = {
				ASSETCATALOG_COMPILER_APPICON_NAME = AppIcon;
				ASSETCATALOG_COMPILER_GLOBAL_ACCENT_COLOR_NAME = AccentColor;
				CODE_SIGN_STYLE = Automatic;
				CURRENT_PROJECT_VERSION = 1;
				DEVELOPMENT_TEAM = 6H4B44XZXL;
				ENABLE_PREVIEWS = YES;
				GENERATE_INFOPLIST_FILE = YES;
				INFOPLIST_KEY_UIAppFonts = "PlayfairDisplay-VariableFont_wght.ttf PlayfairDisplay-Italic-VariableFont_wght.ttf";
				INFOPLIST_KEY_UIApplicationSceneManifest_Generation = YES;
				INFOPLIST_KEY_UIApplicationSupportsIndirectInputEvents = YES;
				INFOPLIST_KEY_UILaunchScreen_Generation = YES;
				INFOPLIST_KEY_UISupportedInterfaceOrientations_iPad = "UIInterfaceOrientationPortrait UIInterfaceOrientationPortraitUpsideDown UIInterfaceOrientationLandscapeLeft UIInterfaceOrientationLandscapeRight";
				INFOPLIST_KEY_UISupportedInterfaceOrientations_iPhone = "UIInterfaceOrientationPortrait UIInterfaceOrientationLandscapeLeft UIInterfaceOrientationLandscapeRight";
				LD_RUNPATH_SEARCH_PATHS = (
					"$(inherited)",
					"@executable_path/Frameworks",
				);
				MARKETING_VERSION = 2.6.0;
				PRODUCT_BUNDLE_IDENTIFIER = jameskinsey.Peony;
				PRODUCT_NAME = "$(TARGET_NAME)";
				STRING_CATALOG_GENERATE_SYMBOLS = YES;
				SWIFT_APPROACHABLE_CONCURRENCY = YES;
				SWIFT_DEFAULT_ACTOR_ISOLATION = MainActor;
				SWIFT_EMIT_LOC_STRINGS = YES;
				SWIFT_UPCOMING_FEATURE_MEMBER_IMPORT_VISIBILITY = YES;
				SWIFT_VERSION = 5.0;
				TARGETED_DEVICE_FAMILY = "1,2";
			};
			name = Release;
		};
		1A4C9D7A2EA9CBF40080CD22 /* Debug */ = {
			isa = XCBuildConfiguration;
			buildSettings = {
				BUNDLE_LOADER = "$(TEST_HOST)";
				CODE_SIGN_STYLE = Automatic;
				CURRENT_PROJECT_VERSION = 1;
				DEVELOPMENT_TEAM = 6H4B44XZXL;
				GENERATE_INFOPLIST_FILE = YES;
				IPHONEOS_DEPLOYMENT_TARGET = 17.0;
				MARKETING_VERSION = 2.6.0;
				PRODUCT_BUNDLE_IDENTIFIER = jameskinsey.PeonyTests;
				PRODUCT_NAME = "$(TARGET_NAME)";
				STRING_CATALOG_GENERATE_SYMBOLS = NO;
				SWIFT_APPROACHABLE_CONCURRENCY = YES;
				SWIFT_EMIT_LOC_STRINGS = NO;
				SWIFT_UPCOMING_FEATURE_MEMBER_IMPORT_VISIBILITY = YES;
				SWIFT_VERSION = 5.0;
				TARGETED_DEVICE_FAMILY = "1,2";
				TEST_HOST = "$(BUILT_PRODUCTS_DIR)/Peony.app/$(BUNDLE_EXECUTABLE_FOLDER_PATH)/Peony";
			};
			name = Debug;
		};
		1A4C9D7B2EA9CBF40080CD22 /* Release */ = {
			isa = XCBuildConfiguration;
			buildSettings = {
				BUNDLE_LOADER = "$(TEST_HOST)";
				CODE_SIGN_STYLE = Automatic;
				CURRENT_PROJECT_VERSION = 1;
				DEVELOPMENT_TEAM = 6H4B44XZXL;
				GENERATE_INFOPLIST_FILE = YES;
				IPHONEOS_DEPLOYMENT_TARGET = 17.0;
				MARKETING_VERSION = 2.6.0;
				PRODUCT_BUNDLE_IDENTIFIER = jameskinsey.PeonyTests;
				PRODUCT_NAME = "$(TARGET_NAME)";
				STRING_CATALOG_GENERATE_SYMBOLS = NO;
				SWIFT_APPROACHABLE_CONCURRENCY = YES;
				SWIFT_EMIT_LOC_STRINGS = NO;
				SWIFT_UPCOMING_FEATURE_MEMBER_IMPORT_VISIBILITY = YES;
				SWIFT_VERSION = 5.0;
				TARGETED_DEVICE_FAMILY = "1,2";
				TEST_HOST = "$(BUILT_PRODUCTS_DIR)/Peony.app/$(BUNDLE_EXECUTABLE_FOLDER_PATH)/Peony";
			};
			name = Release;
		};
		1A4C9D7D2EA9CBF40080CD22 /* Debug */ = {
			isa = XCBuildConfiguration;
			buildSettings = {
				CODE_SIGN_STYLE = Automatic;
				CURRENT_PROJECT_VERSION = 1;
				DEVELOPMENT_TEAM = 6H4B44XZXL;
				GENERATE_INFOPLIST_FILE = YES;
				MARKETING_VERSION = 2.6.0;
				PRODUCT_BUNDLE_IDENTIFIER = jameskinsey.PeonyUITests;
				PRODUCT_NAME = "$(TARGET_NAME)";
				STRING_CATALOG_GENERATE_SYMBOLS = NO;
				SWIFT_APPROACHABLE_CONCURRENCY = YES;
				SWIFT_EMIT_LOC_STRINGS = NO;
				SWIFT_UPCOMING_FEATURE_MEMBER_IMPORT_VISIBILITY = YES;
				SWIFT_VERSION = 5.0;
				TARGETED_DEVICE_FAMILY = "1,2";
				TEST_TARGET_NAME = Peony;
			};
			name = Debug;
		};
		1A4C9D7E2EA9CBF40080CD22 /* Release */ = {
			isa = XCBuildConfiguration;
			buildSettings = {
				CODE_SIGN_STYLE = Automatic;
				CURRENT_PROJECT_VERSION = 1;
				DEVELOPMENT_TEAM = 6H4B44XZXL;
				GENERATE_INFOPLIST_FILE = YES;
				MARKETING_VERSION = 2.6.0;
				PRODUCT_BUNDLE_IDENTIFIER = jameskinsey.PeonyUITests;
				PRODUCT_NAME = "$(TARGET_NAME)";
				STRING_CATALOG_GENERATE_SYMBOLS = NO;
				SWIFT_APPROACHABLE_CONCURRENCY = YES;
				SWIFT_EMIT_LOC_STRINGS = NO;
				SWIFT_UPCOMING_FEATURE_MEMBER_IMPORT_VISIBILITY = YES;
				SWIFT_VERSION = 5.0;
				TARGETED_DEVICE_FAMILY = "1,2";
				TEST_TARGET_NAME = Peony;
			};
			name = Release;
		};
/* End XCBuildConfiguration section */

/* Begin XCConfigurationList section */
		1A4C9D4E2EA9CBF30080CD22 /* Build configuration list for PBXProject "Peony" */ = {
			isa = XCConfigurationList;
			buildConfigurations = (
				1A4C9D742EA9CBF40080CD22 /* Debug */,
				1A4C9D752EA9CBF40080CD22 /* Release */,
			);
			defaultConfigurationIsVisible = 0;
			defaultConfigurationName = Release;
		};
		1A4C9D762EA9CBF40080CD22 /* Build configuration list for PBXNativeTarget "Peony" */ = {
			isa = XCConfigurationList;
			buildConfigurations = (
				1A4C9D772EA9CBF40080CD22 /* Debug */,
				1A4C9D782EA9CBF40080CD22 /* Release */,
			);
			defaultConfigurationIsVisible = 0;
			defaultConfigurationName = Release;
		};
		1A4C9D792EA9CBF40080CD22 /* Build configuration list for PBXNativeTarget "PeonyTests" */ = {
			isa = XCConfigurationList;
			buildConfigurations = (
				1A4C9D7A2EA9CBF40080CD22 /* Debug */,
				1A4C9D7B2EA9CBF40080CD22 /* Release */,
			);
			defaultConfigurationIsVisible = 0;
			defaultConfigurationName = Release;
		};
		1A4C9D7C2EA9CBF40080CD22 /* Build configuration list for PBXNativeTarget "PeonyUITests" */ = {
			isa = XCConfigurationList;
			buildConfigurations = (
				1A4C9D7D2EA9CBF40080CD22 /* Debug */,
				1A4C9D7E2EA9CBF40080CD22 /* Release */,
			);
			defaultConfigurationIsVisible = 0;
			defaultConfigurationName = Release;
		};
/* End XCConfigurationList section */
	};
	rootObject = 1A4C9D4B2EA9CBF30080CD22 /* Project object */;
}
